// !$*UTF8*$!
{
	archiveVersion = 1;
	classes = {
	};
	objectVersion = 46;
	objects = {

/* Begin PBXBuildFile section */
		277301D3193E3E5D0009CC46 /* AppDelegate.swift in Sources */ = {isa = PBXBuildFile; fileRef = 277301D2193E3E5D0009CC46 /* AppDelegate.swift */; };
		277301D5193E3E5D0009CC46 /* GameScene.sks in Resources */ = {isa = PBXBuildFile; fileRef = 277301D4193E3E5D0009CC46 /* GameScene.sks */; };
		277301D7193E3E5D0009CC46 /* GameScene.swift in Sources */ = {isa = PBXBuildFile; fileRef = 277301D6193E3E5D0009CC46 /* GameScene.swift */; };
		277301D9193E3E5D0009CC46 /* GameViewController.swift in Sources */ = {isa = PBXBuildFile; fileRef = 277301D8193E3E5D0009CC46 /* GameViewController.swift */; };
		277301DC193E3E5D0009CC46 /* Main.storyboard in Resources */ = {isa = PBXBuildFile; fileRef = 277301DA193E3E5D0009CC46 /* Main.storyboard */; };
		277301DE193E3E5D0009CC46 /* Images.xcassets in Resources */ = {isa = PBXBuildFile; fileRef = 277301DD193E3E5D0009CC46 /* Images.xcassets */; };
		277301EA193E3E5D0009CC46 /* FlappyBirdTests.swift in Sources */ = {isa = PBXBuildFile; fileRef = 277301E9193E3E5D0009CC46 /* FlappyBirdTests.swift */; };
/* End PBXBuildFile section */

/* Begin PBXContainerItemProxy section */
		277301E4193E3E5D0009CC46 /* PBXContainerItemProxy */ = {
			isa = PBXContainerItemProxy;
			containerPortal = 277301C5193E3E5C0009CC46 /* Project object */;
			proxyType = 1;
			remoteGlobalIDString = 277301CC193E3E5D0009CC46;
			remoteInfo = FlappyBird;
		};
/* End PBXContainerItemProxy section */

/* Begin PBXFileReference section */
		277301CD193E3E5D0009CC46 /* FlappyBird.app */ = {isa = PBXFileReference; explicitFileType = wrapper.application; includeInIndex = 0; path = FlappyBird.app; sourceTree = BUILT_PRODUCTS_DIR; };
		277301D1193E3E5D0009CC46 /* Info.plist */ = {isa = PBXFileReference; lastKnownFileType = text.plist.xml; path = Info.plist; sourceTree = "<group>"; };
		277301D2193E3E5D0009CC46 /* AppDelegate.swift */ = {isa = PBXFileReference; lastKnownFileType = sourcecode.swift; path = AppDelegate.swift; sourceTree = "<group>"; };
		277301D4193E3E5D0009CC46 /* GameScene.sks */ = {isa = PBXFileReference; lastKnownFileType = file.sks; path = GameScene.sks; sourceTree = "<group>"; };
		277301D6193E3E5D0009CC46 /* GameScene.swift */ = {isa = PBXFileReference; lastKnownFileType = sourcecode.swift; path = GameScene.swift; sourceTree = "<group>"; };
		277301D8193E3E5D0009CC46 /* GameViewController.swift */ = {isa = PBXFileReference; lastKnownFileType = sourcecode.swift; path = GameViewController.swift; sourceTree = "<group>"; };
		277301DB193E3E5D0009CC46 /* Base */ = {isa = PBXFileReference; lastKnownFileType = file.storyboard; name = Base; path = Base.lproj/Main.storyboard; sourceTree = "<group>"; };
		277301DD193E3E5D0009CC46 /* Images.xcassets */ = {isa = PBXFileReference; lastKnownFileType = folder.assetcatalog; path = Images.xcassets; sourceTree = "<group>"; };
		277301E3193E3E5D0009CC46 /* FlappyBirdTests.xctest */ = {isa = PBXFileReference; explicitFileType = wrapper.cfbundle; includeInIndex = 0; path = FlappyBirdTests.xctest; sourceTree = BUILT_PRODUCTS_DIR; };
		277301E8193E3E5D0009CC46 /* Info.plist */ = {isa = PBXFileReference; lastKnownFileType = text.plist.xml; path = Info.plist; sourceTree = "<group>"; };
		277301E9193E3E5D0009CC46 /* FlappyBirdTests.swift */ = {isa = PBXFileReference; lastKnownFileType = sourcecode.swift; path = FlappyBirdTests.swift; sourceTree = "<group>"; };
/* End PBXFileReference section */

/* Begin PBXFrameworksBuildPhase section */
		277301CA193E3E5D0009CC46 /* Frameworks */ = {
			isa = PBXFrameworksBuildPhase;
			buildActionMask = 2147483647;
			files = (
			);
			runOnlyForDeploymentPostprocessing = 0;
		};
		277301E0193E3E5D0009CC46 /* Frameworks */ = {
			isa = PBXFrameworksBuildPhase;
			buildActionMask = 2147483647;
			files = (
			);
			runOnlyForDeploymentPostprocessing = 0;
		};
/* End PBXFrameworksBuildPhase section */

/* Begin PBXGroup section */
		277301C4193E3E5C0009CC46 = {
			isa = PBXGroup;
			children = (
				277301CF193E3E5D0009CC46 /* FlappyBird */,
				277301E6193E3E5D0009CC46 /* FlappyBirdTests */,
				277301CE193E3E5D0009CC46 /* Products */,
			);
			sourceTree = "<group>";
		};
		277301CE193E3E5D0009CC46 /* Products */ = {
			isa = PBXGroup;
			children = (
				277301CD193E3E5D0009CC46 /* FlappyBird.app */,
				277301E3193E3E5D0009CC46 /* FlappyBirdTests.xctest */,
			);
			name = Products;
			sourceTree = "<group>";
		};
		277301CF193E3E5D0009CC46 /* FlappyBird */ = {
			isa = PBXGroup;
			children = (
				277301D2193E3E5D0009CC46 /* AppDelegate.swift */,
				277301D4193E3E5D0009CC46 /* GameScene.sks */,
				277301D6193E3E5D0009CC46 /* GameScene.swift */,
				277301D8193E3E5D0009CC46 /* GameViewController.swift */,
				277301DA193E3E5D0009CC46 /* Main.storyboard */,
				277301DD193E3E5D0009CC46 /* Images.xcassets */,
				277301D0193E3E5D0009CC46 /* Supporting Files */,
			);
			path = FlappyBird;
			sourceTree = "<group>";
		};
		277301D0193E3E5D0009CC46 /* Supporting Files */ = {
			isa = PBXGroup;
			children = (
				277301D1193E3E5D0009CC46 /* Info.plist */,
			);
			name = "Supporting Files";
			sourceTree = "<group>";
		};
		277301E6193E3E5D0009CC46 /* FlappyBirdTests */ = {
			isa = PBXGroup;
			children = (
				277301E9193E3E5D0009CC46 /* FlappyBirdTests.swift */,
				277301E7193E3E5D0009CC46 /* Supporting Files */,
			);
			path = FlappyBirdTests;
			sourceTree = "<group>";
		};
		277301E7193E3E5D0009CC46 /* Supporting Files */ = {
			isa = PBXGroup;
			children = (
				277301E8193E3E5D0009CC46 /* Info.plist */,
			);
			name = "Supporting Files";
			sourceTree = "<group>";
		};
/* End PBXGroup section */

/* Begin PBXNativeTarget section */
		277301CC193E3E5D0009CC46 /* FlappyBird */ = {
			isa = PBXNativeTarget;
			buildConfigurationList = 277301ED193E3E5D0009CC46 /* Build configuration list for PBXNativeTarget "FlappyBird" */;
			buildPhases = (
				277301C9193E3E5D0009CC46 /* Sources */,
				277301CA193E3E5D0009CC46 /* Frameworks */,
				277301CB193E3E5D0009CC46 /* Resources */,
			);
			buildRules = (
			);
			dependencies = (
			);
			name = FlappyBird;
			productName = FlappyBird;
			productReference = 277301CD193E3E5D0009CC46 /* FlappyBird.app */;
			productType = "com.apple.product-type.application";
		};
		277301E2193E3E5D0009CC46 /* FlappyBirdTests */ = {
			isa = PBXNativeTarget;
			buildConfigurationList = 277301F0193E3E5D0009CC46 /* Build configuration list for PBXNativeTarget "FlappyBirdTests" */;
			buildPhases = (
				277301DF193E3E5D0009CC46 /* Sources */,
				277301E0193E3E5D0009CC46 /* Frameworks */,
				277301E1193E3E5D0009CC46 /* Resources */,
			);
			buildRules = (
			);
			dependencies = (
				277301E5193E3E5D0009CC46 /* PBXTargetDependency */,
			);
			name = FlappyBirdTests;
			productName = FlappyBirdTests;
			productReference = 277301E3193E3E5D0009CC46 /* FlappyBirdTests.xctest */;
			productType = "com.apple.product-type.bundle.unit-test";
		};
/* End PBXNativeTarget section */

/* Begin PBXProject section */
		277301C5193E3E5C0009CC46 /* Project object */ = {
			isa = PBXProject;
			attributes = {
				LastUpgradeCheck = 0600;
				ORGANIZATIONNAME = BiagioRiccio;
				TargetAttributes = {
					277301CC193E3E5D0009CC46 = {
						CreatedOnToolsVersion = 6.0;
					};
					277301E2193E3E5D0009CC46 = {
						CreatedOnToolsVersion = 6.0;
						TestTargetID = 277301CC193E3E5D0009CC46;
					};
				};
			};
			buildConfigurationList = 277301C8193E3E5C0009CC46 /* Build configuration list for PBXProject "FlappyBird" */;
			compatibilityVersion = "Xcode 3.2";
			developmentRegion = English;
			hasScannedForEncodings = 0;
			knownRegions = (
				en,
				Base,
			);
			mainGroup = 277301C4193E3E5C0009CC46;
			productRefGroup = 277301CE193E3E5D0009CC46 /* Products */;
			projectDirPath = "";
			projectRoot = "";
			targets = (
				277301CC193E3E5D0009CC46 /* FlappyBird */,
				277301E2193E3E5D0009CC46 /* FlappyBirdTests */,
			);
		};
/* End PBXProject section */

/* Begin PBXResourcesBuildPhase section */
		277301CB193E3E5D0009CC46 /* Resources */ = {
			isa = PBXResourcesBuildPhase;
			buildActionMask = 2147483647;
			files = (
				277301DE193E3E5D0009CC46 /* Images.xcassets in Resources */,
				277301D5193E3E5D0009CC46 /* GameScene.sks in Resources */,
				277301DC193E3E5D0009CC46 /* Main.storyboard in Resources */,
			);
			runOnlyForDeploymentPostprocessing = 0;
		};
		277301E1193E3E5D0009CC46 /* Resources */ = {
			isa = PBXResourcesBuildPhase;
			buildActionMask = 2147483647;
			files = (
			);
			runOnlyForDeploymentPostprocessing = 0;
		};
/* End PBXResourcesBuildPhase section */

/* Begin PBXSourcesBuildPhase section */
		277301C9193E3E5D0009CC46 /* Sources */ = {
			isa = PBXSourcesBuildPhase;
			buildActionMask = 2147483647;
			files = (
				277301D7193E3E5D0009CC46 /* GameScene.swift in Sources */,
				277301D9193E3E5D0009CC46 /* GameViewController.swift in Sources */,
				277301D3193E3E5D0009CC46 /* AppDelegate.swift in Sources */,
			);
			runOnlyForDeploymentPostprocessing = 0;
		};
		277301DF193E3E5D0009CC46 /* Sources */ = {
			isa = PBXSourcesBuildPhase;
			buildActionMask = 2147483647;
			files = (
				277301EA193E3E5D0009CC46 /* FlappyBirdTests.swift in Sources */,
			);
			runOnlyForDeploymentPostprocessing = 0;
		};
/* End PBXSourcesBuildPhase section */

/* Begin PBXTargetDependency section */
		277301E5193E3E5D0009CC46 /* PBXTargetDependency */ = {
			isa = PBXTargetDependency;
			target = 277301CC193E3E5D0009CC46 /* FlappyBird */;
			targetProxy = 277301E4193E3E5D0009CC46 /* PBXContainerItemProxy */;
		};
/* End PBXTargetDependency section */

/* Begin PBXVariantGroup section */
		277301DA193E3E5D0009CC46 /* Main.storyboard */ = {
			isa = PBXVariantGroup;
			children = (
				277301DB193E3E5D0009CC46 /* Base */,
			);
			name = Main.storyboard;
			sourceTree = "<group>";
		};
/* End PBXVariantGroup section */

/* Begin XCBuildConfiguration section */
		277301EB193E3E5D0009CC46 /* Debug */ = {
			isa = XCBuildConfiguration;
			buildSettings = {
				ALWAYS_SEARCH_USER_PATHS = NO;
				CLANG_CXX_LANGUAGE_STANDARD = "gnu++0x";
				CLANG_CXX_LIBRARY = "libc++";
				CLANG_ENABLE_MODULES = YES;
				CLANG_ENABLE_OBJC_ARC = YES;
				CLANG_WARN_BOOL_CONVERSION = YES;
				CLANG_WARN_CONSTANT_CONVERSION = YES;
				CLANG_WARN_DIRECT_OBJC_ISA_USAGE = YES_ERROR;
				CLANG_WARN_EMPTY_BODY = YES;
				CLANG_WARN_ENUM_CONVERSION = YES;
				CLANG_WARN_INT_CONVERSION = YES;
				CLANG_WARN_OBJC_ROOT_CLASS = YES_ERROR;
				CLANG_WARN_UNREACHABLE_CODE = YES;
				CLANG_WARN__DUPLICATE_METHOD_MATCH = YES;
				"CODE_SIGN_IDENTITY[sdk=iphoneos*]" = "iPhone Developer";
				COPY_PHASE_STRIP = NO;
				ENABLE_STRICT_OBJC_MSGSEND = YES;
				GCC_C_LANGUAGE_STANDARD = gnu99;
				GCC_DYNAMIC_NO_PIC = NO;
				GCC_OPTIMIZATION_LEVEL = 0;
				GCC_PREPROCESSOR_DEFINITIONS = (
					"DEBUG=1",
					"$(inherited)",
				);
				GCC_SYMBOLS_PRIVATE_EXTERN = NO;
				GCC_WARN_64_TO_32_BIT_CONVERSION = YES;
				GCC_WARN_ABOUT_RETURN_TYPE = YES_ERROR;
				GCC_WARN_UNDECLARED_SELECTOR = YES;
				GCC_WARN_UNINITIALIZED_AUTOS = YES_AGGRESSIVE;
				GCC_WARN_UNUSED_FUNCTION = YES;
				GCC_WARN_UNUSED_VARIABLE = YES;
				IPHONEOS_DEPLOYMENT_TARGET = 8.0;
				METAL_ENABLE_DEBUG_INFO = YES;
				ONLY_ACTIVE_ARCH = YES;
				SDKROOT = iphoneos;
				SWIFT_OPTIMIZATION_LEVEL = "-Onone";
			};
			name = Debug;
		};
		277301EC193E3E5D0009CC46 /* Release */ = {
			isa = XCBuildConfiguration;
			buildSettings = {
				ALWAYS_SEARCH_USER_PATHS = NO;
				CLANG_CXX_LANGUAGE_STANDARD = "gnu++0x";
				CLANG_CXX_LIBRARY = "libc++";
				CLANG_ENABLE_MODULES = YES;
				CLANG_ENABLE_OBJC_ARC = YES;
				CLANG_WARN_BOOL_CONVERSION = YES;
				CLANG_WARN_CONSTANT_CONVERSION = YES;
				CLANG_WARN_DIRECT_OBJC_ISA_USAGE = YES_ERROR;
				CLANG_WARN_EMPTY_BODY = YES;
				CLANG_WARN_ENUM_CONVERSION = YES;
				CLANG_WARN_INT_CONVERSION = YES;
				CLANG_WARN_OBJC_ROOT_CLASS = YES_ERROR;
				CLANG_WARN_UNREACHABLE_CODE = YES;
				CLANG_WARN__DUPLICATE_METHOD_MATCH = YES;
				"CODE_SIGN_IDENTITY[sdk=iphoneos*]" = "iPhone Developer";
				COPY_PHASE_STRIP = YES;
				ENABLE_NS_ASSERTIONS = NO;
				ENABLE_STRICT_OBJC_MSGSEND = YES;
				GCC_C_LANGUAGE_STANDARD = gnu99;
				GCC_WARN_64_TO_32_BIT_CONVERSION = YES;
				GCC_WARN_ABOUT_RETURN_TYPE = YES_ERROR;
				GCC_WARN_UNDECLARED_SELECTOR = YES;
				GCC_WARN_UNINITIALIZED_AUTOS = YES_AGGRESSIVE;
				GCC_WARN_UNUSED_FUNCTION = YES;
				GCC_WARN_UNUSED_VARIABLE = YES;
				IPHONEOS_DEPLOYMENT_TARGET = 8.0;
				METAL_ENABLE_DEBUG_INFO = NO;
				SDKROOT = iphoneos;
				VALIDATE_PRODUCT = YES;
			};
			name = Release;
		};
		277301EE193E3E5D0009CC46 /* Debug */ = {
			isa = XCBuildConfiguration;
			buildSettings = {
				ASSETCATALOG_COMPILER_APPICON_NAME = AppIcon;
				ASSETCATALOG_COMPILER_LAUNCHIMAGE_NAME = LaunchImage;
				INFOPLIST_FILE = FlappyBird/Info.plist;
				LD_RUNPATH_SEARCH_PATHS = "$(inherited) @executable_path/Frameworks";
				PRODUCT_NAME = "$(TARGET_NAME)";
			};
			name = Debug;
		};
		277301EF193E3E5D0009CC46 /* Release */ = {
			isa = XCBuildConfiguration;
			buildSettings = {
				ASSETCATALOG_COMPILER_APPICON_NAME = AppIcon;
				ASSETCATALOG_COMPILER_LAUNCHIMAGE_NAME = LaunchImage;
				INFOPLIST_FILE = FlappyBird/Info.plist;
				LD_RUNPATH_SEARCH_PATHS = "$(inherited) @executable_path/Frameworks";
				PRODUCT_NAME = "$(TARGET_NAME)";
			};
			name = Release;
		};
		277301F1193E3E5D0009CC46 /* Debug */ = {
			isa = XCBuildConfiguration;
			buildSettings = {
				BUNDLE_LOADER = "$(BUILT_PRODUCTS_DIR)/FlappyBird.app/FlappyBird";
				FRAMEWORK_SEARCH_PATHS = (
					"$(SDKROOT)/Developer/Library/Frameworks",
					"$(inherited)",
				);
				GCC_PREPROCESSOR_DEFINITIONS = (
					"DEBUG=1",
					"$(inherited)",
				);
				INFOPLIST_FILE = FlappyBirdTests/Info.plist;
				LD_RUNPATH_SEARCH_PATHS = "$(inherited) @executable_path/Frameworks @loader_path/Frameworks";
				METAL_ENABLE_DEBUG_INFO = YES;
				PRODUCT_NAME = "$(TARGET_NAME)";
				TEST_HOST = "$(BUNDLE_LOADER)";
			};
			name = Debug;
		};
		277301F2193E3E5D0009CC46 /* Release */ = {
			isa = XCBuildConfiguration;
			buildSettings = {
				BUNDLE_LOADER = "$(BUILT_PRODUCTS_DIR)/FlappyBird.app/FlappyBird";
				FRAMEWORK_SEARCH_PATHS = (
					"$(SDKROOT)/Developer/Library/Frameworks",
					"$(inherited)",
				);
				INFOPLIST_FILE = FlappyBirdTests/Info.plist;
				LD_RUNPATH_SEARCH_PATHS = "$(inherited) @executable_path/Frameworks @loader_path/Frameworks";
				METAL_ENABLE_DEBUG_INFO = NO;
				PRODUCT_NAME = "$(TARGET_NAME)";
				TEST_HOST = "$(BUNDLE_LOADER)";
			};
			name = Release;
		};
/* End XCBuildConfiguration section */

/* Begin XCConfigurationList section */
		277301C8193E3E5C0009CC46 /* Build configuration list for PBXProject "FlappyBird" */ = {
			isa = XCConfigurationList;
			buildConfigurations = (
				277301EB193E3E5D0009CC46 /* Debug */,
				277301EC193E3E5D0009CC46 /* Release */,
			);
			defaultConfigurationIsVisible = 0;
			defaultConfigurationName = Release;
		};
		277301ED193E3E5D0009CC46 /* Build configuration list for PBXNativeTarget "FlappyBird" */ = {
			isa = XCConfigurationList;
			buildConfigurations = (
				277301EE193E3E5D0009CC46 /* Debug */,
				277301EF193E3E5D0009CC46 /* Release */,
			);
			defaultConfigurationIsVisible = 0;
		};
		277301F0193E3E5D0009CC46 /* Build configuration list for PBXNativeTarget "FlappyBirdTests" */ = {
			isa = XCConfigurationList;
			buildConfigurations = (
				277301F1193E3E5D0009CC46 /* Debug */,
				277301F2193E3E5D0009CC46 /* Release */,
			);
			defaultConfigurationIsVisible = 0;
		};
/* End XCConfigurationList section */
	};
	rootObject = 277301C5193E3E5C0009CC46 /* Project object */;
}
